github.com/mpwalkerdine/elicit v0.0.0-20180815004046-a55089967cf7 h1:uGJI0LQoXQz/7+bkNV8ZsycZMmbwJlq+rrk3RfiVxFg=
github.com/mpwalkerdine/elicit v0.0.0-20180815004046-a55089967cf7/go.mod h1:C7FxQJFxxXx/O7QDHcCMFjYGaEPewwzg7Kzqt6IAyvw=
github.com/russross/blackfriday v1.5.1 h1:B8ZN6pD4PVofmlDCDUdELeYrbsVIDM/bpjW3v3zgcRc=
github.com/russross/blackfriday v1.5.1/go.mod h1:JO/DiYxRf+HjHt06OyowR9PTA263kcR/rfWxYHBV53g=
